{
  "meteor": {},
  "dependencies": {
    "basePackages": {
      "paginated-subscription": {},
      "pagination": {
        "git": "https://github.com/cfriel/meteor-pagination",
        "branch": "master"
      }
    },
    "packages": {
      "paginated-subscription": {
        "git": "https://github.com/tmeasday/meteor-paginated-subscription.git",
        "tag": "v0.1.2",
        "commit": "35e0c6112df2b4cfeb60b559276a93cac5ee2dd6"
      },
      "pagination": {
        "git": "https://github.com/cfriel/meteor-pagination",
        "branch": "master",
        "commit": "07f3156d52639a3c95cb0c0ca5fefdbdf6a64272"
      }
    }
  }
}
