{
  "meteor": {},
  "dependencies": {
    "basePackages": {
      "jquery-ui": {},
      "pagination": {
        "path": "../third-party/meteor-pagination"
      },
      "npm": {
        "path": "../third-party/meteor-npm"
      },
      "meteor-bootstrap": {
        "path": "../third-party/meteor-bootstrap"
      },
      "meteor-select2": {
        "path": "../third-party/meteor-select2"
      },
      "greenlight": {
        "path": "../packages/greenlight"
      },
      "greenlight-profile": {
        "path": "../packages/greenlight-profile"
      },
      "greenlight-create": {
        "path": "../packages/greenlight-create"
      },
      "greenlight-sheets": {
        "path": "../packages/greenlight-sheets"
      },
      "greenlight-analytics": {
        "path": "../packages/greenlight-analytics"
      },
      "greenlight-services": {
        "path": "../packages/greenlight-services"
      },
      "greenlight-forms": {
        "path": "../packages/greenlight-forms"
      },
      "greenlight-sites": {
        "path": "../packages/greenlight-sites"
      },
      "greenlight-hosted": {
        "path": "../packages/greenlight-hosted"
      },
      "greenlight-data": {
        "path": "../packages/greenlight-data"
      },
      "examples": {
        "path": "../examples/databases"
      }
    },
    "packages": {
      "jquery-ui": {
        "git": "https://github.com/TimHeckel/meteor-jquery-ui.git",
        "tag": "v1.9.2",
        "commit": "c437d45edcf1367df8d5ffa8bad2867758030bd2"
      },
      "pagination": {
        "path": "../third-party/meteor-pagination"
      },
      "npm": {
        "path": "../third-party/meteor-npm"
      },
      "meteor-bootstrap": {
        "path": "../third-party/meteor-bootstrap"
      },
      "meteor-select2": {
        "path": "../third-party/meteor-select2"
      },
      "greenlight": {
        "path": "../packages/greenlight"
      },
      "greenlight-profile": {
        "path": "../packages/greenlight-profile"
      },
      "greenlight-create": {
        "path": "../packages/greenlight-create"
      },
      "greenlight-sheets": {
        "path": "../packages/greenlight-sheets"
      },
      "greenlight-analytics": {
        "path": "../packages/greenlight-analytics"
      },
      "greenlight-services": {
        "path": "../packages/greenlight-services"
      },
      "greenlight-forms": {
        "path": "../packages/greenlight-forms"
      },
      "greenlight-sites": {
        "path": "../packages/greenlight-sites"
      },
      "greenlight-hosted": {
        "path": "../packages/greenlight-hosted"
      },
      "greenlight-data": {
        "path": "../packages/greenlight-data"
      },
      "examples": {
        "path": "../examples/databases"
      },
      "router": {
        "git": "https://github.com/tmeasday/meteor-router.git",
        "tag": "v0.5.4",
        "commit": "e40ee450a756b54a32ed67be4595772403256fb5"
      },
      "page-js-ie-support": {
        "git": "https://github.com/tmeasday/meteor-page-js-ie-support.git",
        "tag": "v1.3.5",
        "commit": "b99ed8380aefd10b2afc8f18d9eed4dd0d8ea9cb"
      },
      "HTML5-History-API": {
        "git": "https://github.com/tmeasday/meteor-HTML5-History-API.git",
        "tag": "v4.0.0",
        "commit": "dc4965f1424cfca625ec3fbea17eace03f8e32c5"
      }
    }
  }
}
